// !$*UTF8*$!
{
	archiveVersion = 1;
	classes = {
	};
	objectVersion = 52;
	objects = {

/* Begin PBXBuildFile section */
		23E579B2D957262E755A1773 /* Pods_game.framework in Frameworks */ = {isa = PBXBuildFile; fileRef = 7DA8CF0C1DEA1F10AC6159D1 /* Pods_game.framework */; };
		5AA6023A082B056506072814 /* Pods_game_gameUITests.framework in Frameworks */ = {isa = PBXBuildFile; fileRef = CFC7885ADB80FC2D50C28ABE /* Pods_game_gameUITests.framework */; };
		A5207B26CE67D6AC1E7113A9 /* Pods_gameTests.framework in Frameworks */ = {isa = PBXBuildFile; fileRef = 72CB51B0CB2AB6B4A60473CB /* Pods_gameTests.framework */; };
		BB3AE8982690B4A90096D9C5 /* 3DViewModifier.swift in Sources */ = {isa = PBXBuildFile; fileRef = BB3AE8972690B4A90096D9C5 /* 3DViewModifier.swift */; };
		BB3AE89A2690C5C20096D9C5 /* list.json in Resources */ = {isa = PBXBuildFile; fileRef = BB3AE8992690C5C20096D9C5 /* list.json */; };
		BB3AE89C2690C6B70096D9C5 /* LottieAnimation.swift in Sources */ = {isa = PBXBuildFile; fileRef = BB3AE89B2690C6B70096D9C5 /* LottieAnimation.swift */; };
		BB3AE89E2690E4060096D9C5 /* SkinView.swift in Sources */ = {isa = PBXBuildFile; fileRef = BB3AE89D2690E4060096D9C5 /* SkinView.swift */; };
		BB4BEBEB26913BB600786743 /* roomData.swift in Sources */ = {isa = PBXBuildFile; fileRef = BB4BEBEA26913BB600786743 /* roomData.swift */; };
		BB4BEBED26913E1F00786743 /* RoomViewModel.swift in Sources */ = {isa = PBXBuildFile; fileRef = BB4BEBEC26913E1F00786743 /* RoomViewModel.swift */; };
		BB4BEBEF269148E700786743 /* RoomView.swift in Sources */ = {isa = PBXBuildFile; fileRef = BB4BEBEE269148E700786743 /* RoomView.swift */; };
		BB4BEBF326919C4500786743 /* JoinGameView.swift in Sources */ = {isa = PBXBuildFile; fileRef = BB4BEBF226919C4500786743 /* JoinGameView.swift */; };
		BB4BEBF52691A00E00786743 /* search.json in Resources */ = {isa = PBXBuildFile; fileRef = BB4BEBF42691A00E00786743 /* search.json */; };
		BB4BEBF726923C3100786743 /* GameData.swift in Sources */ = {isa = PBXBuildFile; fileRef = BB4BEBF626923C3100786743 /* GameData.swift */; };
		BB4BEBF926923C8900786743 /* GameViewModel.swift in Sources */ = {isa = PBXBuildFile; fileRef = BB4BEBF826923C8900786743 /* GameViewModel.swift */; };
		BB4BEBFC269242B200786743 /* GameRoadView.swift in Sources */ = {isa = PBXBuildFile; fileRef = BB4BEBFB269242B200786743 /* GameRoadView.swift */; };
		BB4BEBFE2692436800786743 /* GameView.swift in Sources */ = {isa = PBXBuildFile; fileRef = BB4BEBFD2692436800786743 /* GameView.swift */; };
		BB8404F4268BEB63003305D5 /* gameApp.swift in Sources */ = {isa = PBXBuildFile; fileRef = BB8404F3268BEB63003305D5 /* gameApp.swift */; };
		BB8404F6268BEB63003305D5 /* ContentView.swift in Sources */ = {isa = PBXBuildFile; fileRef = BB8404F5268BEB63003305D5 /* ContentView.swift */; };
		BB8404F8268BEB63003305D5 /* Assets.xcassets in Resources */ = {isa = PBXBuildFile; fileRef = BB8404F7268BEB63003305D5 /* Assets.xcassets */; };
		BB8404FB268BEB63003305D5 /* Preview Assets.xcassets in Resources */ = {isa = PBXBuildFile; fileRef = BB8404FA268BEB63003305D5 /* Preview Assets.xcassets */; };
		BB840506268BEB63003305D5 /* gameTests.swift in Sources */ = {isa = PBXBuildFile; fileRef = BB840505268BEB63003305D5 /* gameTests.swift */; };
		BB840511268BEB63003305D5 /* gameUITests.swift in Sources */ = {isa = PBXBuildFile; fileRef = BB840510268BEB63003305D5 /* gameUITests.swift */; };
		BB840520268BED00003305D5 /* HomeView.swift in Sources */ = {isa = PBXBuildFile; fileRef = BB84051F268BED00003305D5 /* HomeView.swift */; };
		BB840522268C9BF0003305D5 /* LoginView.swift in Sources */ = {isa = PBXBuildFile; fileRef = BB840521268C9BF0003305D5 /* LoginView.swift */; };
		BB840524268C9C1A003305D5 /* SignUpView.swift in Sources */ = {isa = PBXBuildFile; fileRef = BB840523268C9C1A003305D5 /* SignUpView.swift */; };
		BB840528268CDAF7003305D5 /* AppDelegate.swift in Sources */ = {isa = PBXBuildFile; fileRef = BB840527268CDAF7003305D5 /* AppDelegate.swift */; };
		BBB41CBE268D093A00156877 /* GoogleService-Info.plist in Resources */ = {isa = PBXBuildFile; fileRef = BBB41CBD268D093A00156877 /* GoogleService-Info.plist */; };
		BBB41CC2268D3AE800156877 /* AccountViewModel.swift in Sources */ = {isa = PBXBuildFile; fileRef = BBB41CC1268D3AE800156877 /* AccountViewModel.swift */; };
		BBB41CC5268D3DA500156877 /* UserData.swift in Sources */ = {isa = PBXBuildFile; fileRef = BBB41CC4268D3DA500156877 /* UserData.swift */; };
		BBB41CD4268F62BA00156877 /* FirebaseAuth in Frameworks */ = {isa = PBXBuildFile; productRef = BBB41CD3268F62BA00156877 /* FirebaseAuth */; };
		BBB41CD6268F62BA00156877 /* FirebaseFirestoreSwift-Beta in Frameworks */ = {isa = PBXBuildFile; productRef = BBB41CD5268F62BA00156877 /* FirebaseFirestoreSwift-Beta */; };
		BBB41CD8268F62BA00156877 /* FirebaseStorageSwift-Beta in Frameworks */ = {isa = PBXBuildFile; productRef = BBB41CD7268F62BA00156877 /* FirebaseStorageSwift-Beta */; };
		BBD8825A268F9FFF002C0076 /* GameHomeView.swift in Sources */ = {isa = PBXBuildFile; fileRef = BBD88259268F9FFF002C0076 /* GameHomeView.swift */; };
		BBD8825C269088F7002C0076 /* SettingView.swift in Sources */ = {isa = PBXBuildFile; fileRef = BBD8825B269088F7002C0076 /* SettingView.swift */; };
		BBD882602690A6E3002C0076 /* girl.gif in Resources */ = {isa = PBXBuildFile; fileRef = BBD8825F2690A6E3002C0076 /* girl.gif */; };
		BBD882622690AD4C002C0076 /* CreatRoleView.swift in Sources */ = {isa = PBXBuildFile; fileRef = BBD882612690AD4C002C0076 /* CreatRoleView.swift */; };
/* End PBXBuildFile section */

/* Begin PBXContainerItemProxy section */
		BB840502268BEB63003305D5 /* PBXContainerItemProxy */ = {
			isa = PBXContainerItemProxy;
			containerPortal = BB8404E8268BEB63003305D5 /* Project object */;
			proxyType = 1;
			remoteGlobalIDString = BB8404EF268BEB63003305D5;
			remoteInfo = game;
		};
		BB84050D268BEB63003305D5 /* PBXContainerItemProxy */ = {
			isa = PBXContainerItemProxy;
			containerPortal = BB8404E8268BEB63003305D5 /* Project object */;
			proxyType = 1;
			remoteGlobalIDString = BB8404EF268BEB63003305D5;
			remoteInfo = game;
		};
/* End PBXContainerItemProxy section */

/* Begin PBXFileReference section */
		0C43E49AD7B376277A479F42 /* Pods-gameTests.release.xcconfig */ = {isa = PBXFileReference; includeInIndex = 1; lastKnownFileType = text.xcconfig; name = "Pods-gameTests.release.xcconfig"; path = "Target Support Files/Pods-gameTests/Pods-gameTests.release.xcconfig"; sourceTree = "<group>"; };
		31C32DABAD6E885BDC45D703 /* Pods-game-gameUITests.debug.xcconfig */ = {isa = PBXFileReference; includeInIndex = 1; lastKnownFileType = text.xcconfig; name = "Pods-game-gameUITests.debug.xcconfig"; path = "Target Support Files/Pods-game-gameUITests/Pods-game-gameUITests.debug.xcconfig"; sourceTree = "<group>"; };
		66F839153F5CEA87C29B93B0 /* Pods-gameTests.debug.xcconfig */ = {isa = PBXFileReference; includeInIndex = 1; lastKnownFileType = text.xcconfig; name = "Pods-gameTests.debug.xcconfig"; path = "Target Support Files/Pods-gameTests/Pods-gameTests.debug.xcconfig"; sourceTree = "<group>"; };
		72CB51B0CB2AB6B4A60473CB /* Pods_gameTests.framework */ = {isa = PBXFileReference; explicitFileType = wrapper.framework; includeInIndex = 0; path = Pods_gameTests.framework; sourceTree = BUILT_PRODUCTS_DIR; };
		7B7A07C3905CB1EC8C3AC52D /* Pods-game.release.xcconfig */ = {isa = PBXFileReference; includeInIndex = 1; lastKnownFileType = text.xcconfig; name = "Pods-game.release.xcconfig"; path = "Target Support Files/Pods-game/Pods-game.release.xcconfig"; sourceTree = "<group>"; };
		7DA8CF0C1DEA1F10AC6159D1 /* Pods_game.framework */ = {isa = PBXFileReference; explicitFileType = wrapper.framework; includeInIndex = 0; path = Pods_game.framework; sourceTree = BUILT_PRODUCTS_DIR; };
		B61384AD4B01B74BFFD97D78 /* Pods-game-gameUITests.release.xcconfig */ = {isa = PBXFileReference; includeInIndex = 1; lastKnownFileType = text.xcconfig; name = "Pods-game-gameUITests.release.xcconfig"; path = "Target Support Files/Pods-game-gameUITests/Pods-game-gameUITests.release.xcconfig"; sourceTree = "<group>"; };
		B8FEE4AA2737430B96BB0213 /* Pods-game.debug.xcconfig */ = {isa = PBXFileReference; includeInIndex = 1; lastKnownFileType = text.xcconfig; name = "Pods-game.debug.xcconfig"; path = "Target Support Files/Pods-game/Pods-game.debug.xcconfig"; sourceTree = "<group>"; };
		BB3AE8972690B4A90096D9C5 /* 3DViewModifier.swift */ = {isa = PBXFileReference; lastKnownFileType = sourcecode.swift; path = 3DViewModifier.swift; sourceTree = "<group>"; };
		BB3AE8992690C5C20096D9C5 /* list.json */ = {isa = PBXFileReference; fileEncoding = 4; lastKnownFileType = text.json; path = list.json; sourceTree = "<group>"; };
		BB3AE89B2690C6B70096D9C5 /* LottieAnimation.swift */ = {isa = PBXFileReference; lastKnownFileType = sourcecode.swift; path = LottieAnimation.swift; sourceTree = "<group>"; };
		BB3AE89D2690E4060096D9C5 /* SkinView.swift */ = {isa = PBXFileReference; lastKnownFileType = sourcecode.swift; path = SkinView.swift; sourceTree = "<group>"; };
		BB4BEBEA26913BB600786743 /* roomData.swift */ = {isa = PBXFileReference; lastKnownFileType = sourcecode.swift; path = roomData.swift; sourceTree = "<group>"; };
		BB4BEBEC26913E1F00786743 /* RoomViewModel.swift */ = {isa = PBXFileReference; lastKnownFileType = sourcecode.swift; path = RoomViewModel.swift; sourceTree = "<group>"; };
		BB4BEBEE269148E700786743 /* RoomView.swift */ = {isa = PBXFileReference; lastKnownFileType = sourcecode.swift; path = RoomView.swift; sourceTree = "<group>"; };
		BB4BEBF226919C4500786743 /* JoinGameView.swift */ = {isa = PBXFileReference; lastKnownFileType = sourcecode.swift; path = JoinGameView.swift; sourceTree = "<group>"; };
		BB4BEBF42691A00E00786743 /* search.json */ = {isa = PBXFileReference; fileEncoding = 4; lastKnownFileType = text.json; path = search.json; sourceTree = "<group>"; };
		BB4BEBF626923C3100786743 /* GameData.swift */ = {isa = PBXFileReference; lastKnownFileType = sourcecode.swift; path = GameData.swift; sourceTree = "<group>"; };
		BB4BEBF826923C8900786743 /* GameViewModel.swift */ = {isa = PBXFileReference; lastKnownFileType = sourcecode.swift; path = GameViewModel.swift; sourceTree = "<group>"; };
		BB4BEBFB269242B200786743 /* GameRoadView.swift */ = {isa = PBXFileReference; lastKnownFileType = sourcecode.swift; path = GameRoadView.swift; sourceTree = "<group>"; };
		BB4BEBFD2692436800786743 /* GameView.swift */ = {isa = PBXFileReference; lastKnownFileType = sourcecode.swift; path = GameView.swift; sourceTree = "<group>"; };
		BB8404F0268BEB63003305D5 /* game.app */ = {isa = PBXFileReference; explicitFileType = wrapper.application; includeInIndex = 0; path = game.app; sourceTree = BUILT_PRODUCTS_DIR; };
		BB8404F3268BEB63003305D5 /* gameApp.swift */ = {isa = PBXFileReference; lastKnownFileType = sourcecode.swift; path = gameApp.swift; sourceTree = "<group>"; };
		BB8404F5268BEB63003305D5 /* ContentView.swift */ = {isa = PBXFileReference; lastKnownFileType = sourcecode.swift; path = ContentView.swift; sourceTree = "<group>"; };
		BB8404F7268BEB63003305D5 /* Assets.xcassets */ = {isa = PBXFileReference; lastKnownFileType = folder.assetcatalog; path = Assets.xcassets; sourceTree = "<group>"; };
		BB8404FA268BEB63003305D5 /* Preview Assets.xcassets */ = {isa = PBXFileReference; lastKnownFileType = folder.assetcatalog; path = "Preview Assets.xcassets"; sourceTree = "<group>"; };
		BB8404FC268BEB63003305D5 /* Info.plist */ = {isa = PBXFileReference; lastKnownFileType = text.plist.xml; path = Info.plist; sourceTree = "<group>"; };
		BB840501268BEB63003305D5 /* gameTests.xctest */ = {isa = PBXFileReference; explicitFileType = wrapper.cfbundle; includeInIndex = 0; path = gameTests.xctest; sourceTree = BUILT_PRODUCTS_DIR; };
		BB840505268BEB63003305D5 /* gameTests.swift */ = {isa = PBXFileReference; lastKnownFileType = sourcecode.swift; path = gameTests.swift; sourceTree = "<group>"; };
		BB840507268BEB63003305D5 /* Info.plist */ = {isa = PBXFileReference; lastKnownFileType = text.plist.xml; path = Info.plist; sourceTree = "<group>"; };
		BB84050C268BEB63003305D5 /* gameUITests.xctest */ = {isa = PBXFileReference; explicitFileType = wrapper.cfbundle; includeInIndex = 0; path = gameUITests.xctest; sourceTree = BUILT_PRODUCTS_DIR; };
		BB840510268BEB63003305D5 /* gameUITests.swift */ = {isa = PBXFileReference; lastKnownFileType = sourcecode.swift; path = gameUITests.swift; sourceTree = "<group>"; };
		BB840512268BEB63003305D5 /* Info.plist */ = {isa = PBXFileReference; lastKnownFileType = text.plist.xml; path = Info.plist; sourceTree = "<group>"; };
		BB84051F268BED00003305D5 /* HomeView.swift */ = {isa = PBXFileReference; lastKnownFileType = sourcecode.swift; path = HomeView.swift; sourceTree = "<group>"; };
		BB840521268C9BF0003305D5 /* LoginView.swift */ = {isa = PBXFileReference; lastKnownFileType = sourcecode.swift; path = LoginView.swift; sourceTree = "<group>"; };
		BB840523268C9C1A003305D5 /* SignUpView.swift */ = {isa = PBXFileReference; lastKnownFileType = sourcecode.swift; path = SignUpView.swift; sourceTree = "<group>"; };
		BB840527268CDAF7003305D5 /* AppDelegate.swift */ = {isa = PBXFileReference; lastKnownFileType = sourcecode.swift; path = AppDelegate.swift; sourceTree = "<group>"; };
		BBB41CBD268D093A00156877 /* GoogleService-Info.plist */ = {isa = PBXFileReference; fileEncoding = 4; lastKnownFileType = text.plist.xml; name = "GoogleService-Info.plist"; path = "../../../../Downloads/GoogleService-Info.plist"; sourceTree = "<group>"; };
		BBB41CC1268D3AE800156877 /* AccountViewModel.swift */ = {isa = PBXFileReference; lastKnownFileType = sourcecode.swift; path = AccountViewModel.swift; sourceTree = "<group>"; };
		BBB41CC4268D3DA500156877 /* UserData.swift */ = {isa = PBXFileReference; lastKnownFileType = sourcecode.swift; path = UserData.swift; sourceTree = "<group>"; };
		BBD88259268F9FFF002C0076 /* GameHomeView.swift */ = {isa = PBXFileReference; lastKnownFileType = sourcecode.swift; path = GameHomeView.swift; sourceTree = "<group>"; };
		BBD8825B269088F7002C0076 /* SettingView.swift */ = {isa = PBXFileReference; lastKnownFileType = sourcecode.swift; path = SettingView.swift; sourceTree = "<group>"; };
		BBD8825F2690A6E3002C0076 /* girl.gif */ = {isa = PBXFileReference; lastKnownFileType = image.gif; path = girl.gif; sourceTree = "<group>"; };
		BBD882612690AD4C002C0076 /* CreatRoleView.swift */ = {isa = PBXFileReference; lastKnownFileType = sourcecode.swift; path = CreatRoleView.swift; sourceTree = "<group>"; };
		CFC7885ADB80FC2D50C28ABE /* Pods_game_gameUITests.framework */ = {isa = PBXFileReference; explicitFileType = wrapper.framework; includeInIndex = 0; path = Pods_game_gameUITests.framework; sourceTree = BUILT_PRODUCTS_DIR; };
/* End PBXFileReference section */

/* Begin PBXFrameworksBuildPhase section */
		BB8404ED268BEB63003305D5 /* Frameworks */ = {
			isa = PBXFrameworksBuildPhase;
			buildActionMask = 2147483647;
			files = (
				BBB41CD6268F62BA00156877 /* FirebaseFirestoreSwift-Beta in Frameworks */,
				BBB41CD8268F62BA00156877 /* FirebaseStorageSwift-Beta in Frameworks */,
				BBB41CD4268F62BA00156877 /* FirebaseAuth in Frameworks */,
				23E579B2D957262E755A1773 /* Pods_game.framework in Frameworks */,
			);
			runOnlyForDeploymentPostprocessing = 0;
		};
		BB8404FE268BEB63003305D5 /* Frameworks */ = {
			isa = PBXFrameworksBuildPhase;
			buildActionMask = 2147483647;
			files = (
				A5207B26CE67D6AC1E7113A9 /* Pods_gameTests.framework in Frameworks */,
			);
			runOnlyForDeploymentPostprocessing = 0;
		};
		BB840509268BEB63003305D5 /* Frameworks */ = {
			isa = PBXFrameworksBuildPhase;
			buildActionMask = 2147483647;
			files = (
				5AA6023A082B056506072814 /* Pods_game_gameUITests.framework in Frameworks */,
			);
			runOnlyForDeploymentPostprocessing = 0;
		};
/* End PBXFrameworksBuildPhase section */

/* Begin PBXGroup section */
		564C5AC92D32F903E5EE4CCF /* Frameworks */ = {
			isa = PBXGroup;
			children = (
				7DA8CF0C1DEA1F10AC6159D1 /* Pods_game.framework */,
				CFC7885ADB80FC2D50C28ABE /* Pods_game_gameUITests.framework */,
				72CB51B0CB2AB6B4A60473CB /* Pods_gameTests.framework */,
			);
			name = Frameworks;
			sourceTree = "<group>";
		};
		BB4859F126926C870046C77F /* resource */ = {
			isa = PBXGroup;
			children = (
				BB3AE8992690C5C20096D9C5 /* list.json */,
				BB4BEBF42691A00E00786743 /* search.json */,
				BBD8825F2690A6E3002C0076 /* girl.gif */,
			);
			path = resource;
			sourceTree = "<group>";
		};
		BB4BEBFA26923CC000786743 /* Game */ = {
			isa = PBXGroup;
			children = (
				BB4BEBFB269242B200786743 /* GameRoadView.swift */,
				BB4BEBFD2692436800786743 /* GameView.swift */,
			);
			path = Game;
			sourceTree = "<group>";
		};
		BB8404E7268BEB63003305D5 = {
			isa = PBXGroup;
			children = (
				BB8404F2268BEB63003305D5 /* game */,
				BB840504268BEB63003305D5 /* gameTests */,
				BB84050F268BEB63003305D5 /* gameUITests */,
				BB8404F1268BEB63003305D5 /* Products */,
				C4479FB2680DFF6BCECD7738 /* Pods */,
				564C5AC92D32F903E5EE4CCF /* Frameworks */,
			);
			sourceTree = "<group>";
		};
		BB8404F1268BEB63003305D5 /* Products */ = {
			isa = PBXGroup;
			children = (
				BB8404F0268BEB63003305D5 /* game.app */,
				BB840501268BEB63003305D5 /* gameTests.xctest */,
				BB84050C268BEB63003305D5 /* gameUITests.xctest */,
			);
			name = Products;
			sourceTree = "<group>";
		};
		BB8404F2268BEB63003305D5 /* game */ = {
			isa = PBXGroup;
			children = (
				BBB41CBD268D093A00156877 /* GoogleService-Info.plist */,
				BB8404F3268BEB63003305D5 /* gameApp.swift */,
				BB840527268CDAF7003305D5 /* AppDelegate.swift */,
				BB8404F5268BEB63003305D5 /* ContentView.swift */,
				BB84051E268BECCC003305D5 /* Views */,
				BBB41CC0268D3A3200156877 /* ViewModels */,
				BBB41CBF268D394D00156877 /* Models */,
				BB4859F126926C870046C77F /* resource */,
				BB8404F7268BEB63003305D5 /* Assets.xcassets */,
				BB8404FC268BEB63003305D5 /* Info.plist */,
				BB8404F9268BEB63003305D5 /* Preview Content */,
			);
			path = game;
			sourceTree = "<group>";
		};
		BB8404F9268BEB63003305D5 /* Preview Content */ = {
			isa = PBXGroup;
			children = (
				BB8404FA268BEB63003305D5 /* Preview Assets.xcassets */,
			);
			path = "Preview Content";
			sourceTree = "<group>";
		};
		BB840504268BEB63003305D5 /* gameTests */ = {
			isa = PBXGroup;
			children = (
				BB840505268BEB63003305D5 /* gameTests.swift */,
				BB840507268BEB63003305D5 /* Info.plist */,
			);
			path = gameTests;
			sourceTree = "<group>";
		};
		BB84050F268BEB63003305D5 /* gameUITests */ = {
			isa = PBXGroup;
			children = (
				BB840510268BEB63003305D5 /* gameUITests.swift */,
				BB840512268BEB63003305D5 /* Info.plist */,
			);
			path = gameUITests;
			sourceTree = "<group>";
		};
		BB84051E268BECCC003305D5 /* Views */ = {
			isa = PBXGroup;
			children = (
				BBB41CC3268D3BCE00156877 /* Account */,
				BBD88258268F9FCE002C0076 /* Room */,
				BB4BEBFA26923CC000786743 /* Game */,
			);
			path = Views;
			sourceTree = "<group>";
		};
		BBB41CBF268D394D00156877 /* Models */ = {
			isa = PBXGroup;
			children = (
				BBB41CC4268D3DA500156877 /* UserData.swift */,
				BB4BEBEA26913BB600786743 /* roomData.swift */,
				BB4BEBF626923C3100786743 /* GameData.swift */,
				BB3AE8972690B4A90096D9C5 /* 3DViewModifier.swift */,
				BB3AE89B2690C6B70096D9C5 /* LottieAnimation.swift */,
			);
			path = Models;
			sourceTree = "<group>";
		};
		BBB41CC0268D3A3200156877 /* ViewModels */ = {
			isa = PBXGroup;
			children = (
				BBB41CC1268D3AE800156877 /* AccountViewModel.swift */,
				BB4BEBEC26913E1F00786743 /* RoomViewModel.swift */,
				BB4BEBF826923C8900786743 /* GameViewModel.swift */,
			);
			path = ViewModels;
			sourceTree = "<group>";
		};
		BBB41CC3268D3BCE00156877 /* Account */ = {
			isa = PBXGroup;
			children = (
				BB84051F268BED00003305D5 /* HomeView.swift */,
				BB840521268C9BF0003305D5 /* LoginView.swift */,
				BB840523268C9C1A003305D5 /* SignUpView.swift */,
				BBD882612690AD4C002C0076 /* CreatRoleView.swift */,
				BBD8825B269088F7002C0076 /* SettingView.swift */,
				BB3AE89D2690E4060096D9C5 /* SkinView.swift */,
			);
			path = Account;
			sourceTree = "<group>";
		};
		BBD88258268F9FCE002C0076 /* Room */ = {
			isa = PBXGroup;
			children = (
				BBD88259268F9FFF002C0076 /* GameHomeView.swift */,
				BB4BEBF226919C4500786743 /* JoinGameView.swift */,
				BB4BEBEE269148E700786743 /* RoomView.swift */,
			);
			path = Room;
			sourceTree = "<group>";
		};
		C4479FB2680DFF6BCECD7738 /* Pods */ = {
			isa = PBXGroup;
			children = (
				B8FEE4AA2737430B96BB0213 /* Pods-game.debug.xcconfig */,
				7B7A07C3905CB1EC8C3AC52D /* Pods-game.release.xcconfig */,
				31C32DABAD6E885BDC45D703 /* Pods-game-gameUITests.debug.xcconfig */,
				B61384AD4B01B74BFFD97D78 /* Pods-game-gameUITests.release.xcconfig */,
				66F839153F5CEA87C29B93B0 /* Pods-gameTests.debug.xcconfig */,
				0C43E49AD7B376277A479F42 /* Pods-gameTests.release.xcconfig */,
			);
			path = Pods;
			sourceTree = "<group>";
		};
/* End PBXGroup section */

/* Begin PBXNativeTarget section */
		BB8404EF268BEB63003305D5 /* game */ = {
			isa = PBXNativeTarget;
			buildConfigurationList = BB840515268BEB63003305D5 /* Build configuration list for PBXNativeTarget "game" */;
			buildPhases = (
				26FB96911524683EFC7BA98C /* [CP] Check Pods Manifest.lock */,
				BB8404EC268BEB63003305D5 /* Sources */,
				BB8404ED268BEB63003305D5 /* Frameworks */,
				BB8404EE268BEB63003305D5 /* Resources */,
				006449D97819F08829E2A1C2 /* [CP] Embed Pods Frameworks */,
			);
			buildRules = (
			);
			dependencies = (
			);
			name = game;
			packageProductDependencies = (
				BBB41CD3268F62BA00156877 /* FirebaseAuth */,
				BBB41CD5268F62BA00156877 /* FirebaseFirestoreSwift-Beta */,
				BBB41CD7268F62BA00156877 /* FirebaseStorageSwift-Beta */,
			);
			productName = game;
			productReference = BB8404F0268BEB63003305D5 /* game.app */;
			productType = "com.apple.product-type.application";
		};
		BB840500268BEB63003305D5 /* gameTests */ = {
			isa = PBXNativeTarget;
			buildConfigurationList = BB840518268BEB63003305D5 /* Build configuration list for PBXNativeTarget "gameTests" */;
			buildPhases = (
				364916CCA618CB6BCFBA5F97 /* [CP] Check Pods Manifest.lock */,
				BB8404FD268BEB63003305D5 /* Sources */,
				BB8404FE268BEB63003305D5 /* Frameworks */,
				BB8404FF268BEB63003305D5 /* Resources */,
			);
			buildRules = (
			);
			dependencies = (
				BB840503268BEB63003305D5 /* PBXTargetDependency */,
			);
			name = gameTests;
			productName = gameTests;
			productReference = BB840501268BEB63003305D5 /* gameTests.xctest */;
			productType = "com.apple.product-type.bundle.unit-test";
		};
		BB84050B268BEB63003305D5 /* gameUITests */ = {
			isa = PBXNativeTarget;
			buildConfigurationList = BB84051B268BEB63003305D5 /* Build configuration list for PBXNativeTarget "gameUITests" */;
			buildPhases = (
				BFBCB4EDBFF130D2493AFE30 /* [CP] Check Pods Manifest.lock */,
				BB840508268BEB63003305D5 /* Sources */,
				BB840509268BEB63003305D5 /* Frameworks */,
				BB84050A268BEB63003305D5 /* Resources */,
				CA02F0AB77435752C1ED7EFC /* [CP] Embed Pods Frameworks */,
			);
			buildRules = (
			);
			dependencies = (
				BB84050E268BEB63003305D5 /* PBXTargetDependency */,
			);
			name = gameUITests;
			productName = gameUITests;
			productReference = BB84050C268BEB63003305D5 /* gameUITests.xctest */;
			productType = "com.apple.product-type.bundle.ui-testing";
		};
/* End PBXNativeTarget section */

/* Begin PBXProject section */
		BB8404E8268BEB63003305D5 /* Project object */ = {
			isa = PBXProject;
			attributes = {
				LastSwiftUpdateCheck = 1250;
				LastUpgradeCheck = 1250;
				TargetAttributes = {
					BB8404EF268BEB63003305D5 = {
						CreatedOnToolsVersion = 12.5.1;
					};
					BB840500268BEB63003305D5 = {
						CreatedOnToolsVersion = 12.5.1;
						TestTargetID = BB8404EF268BEB63003305D5;
					};
					BB84050B268BEB63003305D5 = {
						CreatedOnToolsVersion = 12.5.1;
						TestTargetID = BB8404EF268BEB63003305D5;
					};
				};
			};
			buildConfigurationList = BB8404EB268BEB63003305D5 /* Build configuration list for PBXProject "game" */;
			compatibilityVersion = "Xcode 9.3";
			developmentRegion = en;
			hasScannedForEncodings = 0;
			knownRegions = (
				en,
				Base,
			);
			mainGroup = BB8404E7268BEB63003305D5;
			packageReferences = (
				BBB41CD2268F62BA00156877 /* XCRemoteSwiftPackageReference "firebase-ios-sdk" */,
			);
			productRefGroup = BB8404F1268BEB63003305D5 /* Products */;
			projectDirPath = "";
			projectRoot = "";
			targets = (
				BB8404EF268BEB63003305D5 /* game */,
				BB840500268BEB63003305D5 /* gameTests */,
				BB84050B268BEB63003305D5 /* gameUITests */,
			);
		};
/* End PBXProject section */

/* Begin PBXResourcesBuildPhase section */
		BB8404EE268BEB63003305D5 /* Resources */ = {
			isa = PBXResourcesBuildPhase;
			buildActionMask = 2147483647;
			files = (
				BB8404FB268BEB63003305D5 /* Preview Assets.xcassets in Resources */,
				BB8404F8268BEB63003305D5 /* Assets.xcassets in Resources */,
				BB3AE89A2690C5C20096D9C5 /* list.json in Resources */,
				BBD882602690A6E3002C0076 /* girl.gif in Resources */,
				BBB41CBE268D093A00156877 /* GoogleService-Info.plist in Resources */,
				BB4BEBF52691A00E00786743 /* search.json in Resources */,
			);
			runOnlyForDeploymentPostprocessing = 0;
		};
		BB8404FF268BEB63003305D5 /* Resources */ = {
			isa = PBXResourcesBuildPhase;
			buildActionMask = 2147483647;
			files = (
			);
			runOnlyForDeploymentPostprocessing = 0;
		};
		BB84050A268BEB63003305D5 /* Resources */ = {
			isa = PBXResourcesBuildPhase;
			buildActionMask = 2147483647;
			files = (
			);
			runOnlyForDeploymentPostprocessing = 0;
		};
/* End PBXResourcesBuildPhase section */

/* Begin PBXShellScriptBuildPhase section */
		006449D97819F08829E2A1C2 /* [CP] Embed Pods Frameworks */ = {
			isa = PBXShellScriptBuildPhase;
			buildActionMask = 2147483647;
			files = (
			);
			inputFileListPaths = (
				"${PODS_ROOT}/Target Support Files/Pods-game/Pods-game-frameworks-${CONFIGURATION}-input-files.xcfilelist",
			);
			name = "[CP] Embed Pods Frameworks";
			outputFileListPaths = (
				"${PODS_ROOT}/Target Support Files/Pods-game/Pods-game-frameworks-${CONFIGURATION}-output-files.xcfilelist",
			);
			runOnlyForDeploymentPostprocessing = 0;
			shellPath = /bin/sh;
			shellScript = "\"${PODS_ROOT}/Target Support Files/Pods-game/Pods-game-frameworks.sh\"\n";
			showEnvVarsInLog = 0;
		};
		26FB96911524683EFC7BA98C /* [CP] Check Pods Manifest.lock */ = {
			isa = PBXShellScriptBuildPhase;
			buildActionMask = 2147483647;
			files = (
			);
			inputFileListPaths = (
			);
			inputPaths = (
				"${PODS_PODFILE_DIR_PATH}/Podfile.lock",
				"${PODS_ROOT}/Manifest.lock",
			);
			name = "[CP] Check Pods Manifest.lock";
			outputFileListPaths = (
			);
			outputPaths = (
				"$(DERIVED_FILE_DIR)/Pods-game-checkManifestLockResult.txt",
			);
			runOnlyForDeploymentPostprocessing = 0;
			shellPath = /bin/sh;
			shellScript = "diff \"${PODS_PODFILE_DIR_PATH}/Podfile.lock\" \"${PODS_ROOT}/Manifest.lock\" > /dev/null\nif [ $? != 0 ] ; then\n    # print error to STDERR\n    echo \"error: The sandbox is not in sync with the Podfile.lock. Run 'pod install' or update your CocoaPods installation.\" >&2\n    exit 1\nfi\n# This output is used by Xcode 'outputs' to avoid re-running this script phase.\necho \"SUCCESS\" > \"${SCRIPT_OUTPUT_FILE_0}\"\n";
			showEnvVarsInLog = 0;
		};
		364916CCA618CB6BCFBA5F97 /* [CP] Check Pods Manifest.lock */ = {
			isa = PBXShellScriptBuildPhase;
			buildActionMask = 2147483647;
			files = (
			);
			inputFileListPaths = (
			);
			inputPaths = (
				"${PODS_PODFILE_DIR_PATH}/Podfile.lock",
				"${PODS_ROOT}/Manifest.lock",
			);
			name = "[CP] Check Pods Manifest.lock";
			outputFileListPaths = (
			);
			outputPaths = (
				"$(DERIVED_FILE_DIR)/Pods-gameTests-checkManifestLockResult.txt",
			);
			runOnlyForDeploymentPostprocessing = 0;
			shellPath = /bin/sh;
			shellScript = "diff \"${PODS_PODFILE_DIR_PATH}/Podfile.lock\" \"${PODS_ROOT}/Manifest.lock\" > /dev/null\nif [ $? != 0 ] ; then\n    # print error to STDERR\n    echo \"error: The sandbox is not in sync with the Podfile.lock. Run 'pod install' or update your CocoaPods installation.\" >&2\n    exit 1\nfi\n# This output is used by Xcode 'outputs' to avoid re-running this script phase.\necho \"SUCCESS\" > \"${SCRIPT_OUTPUT_FILE_0}\"\n";
			showEnvVarsInLog = 0;
		};
		BFBCB4EDBFF130D2493AFE30 /* [CP] Check Pods Manifest.lock */ = {
			isa = PBXShellScriptBuildPhase;
			buildActionMask = 2147483647;
			files = (
			);
			inputFileListPaths = (
			);
			inputPaths = (
				"${PODS_PODFILE_DIR_PATH}/Podfile.lock",
				"${PODS_ROOT}/Manifest.lock",
			);
			name = "[CP] Check Pods Manifest.lock";
			outputFileListPaths = (
			);
			outputPaths = (
				"$(DERIVED_FILE_DIR)/Pods-game-gameUITests-checkManifestLockResult.txt",
			);
			runOnlyForDeploymentPostprocessing = 0;
			shellPath = /bin/sh;
			shellScript = "diff \"${PODS_PODFILE_DIR_PATH}/Podfile.lock\" \"${PODS_ROOT}/Manifest.lock\" > /dev/null\nif [ $? != 0 ] ; then\n    # print error to STDERR\n    echo \"error: The sandbox is not in sync with the Podfile.lock. Run 'pod install' or update your CocoaPods installation.\" >&2\n    exit 1\nfi\n# This output is used by Xcode 'outputs' to avoid re-running this script phase.\necho \"SUCCESS\" > \"${SCRIPT_OUTPUT_FILE_0}\"\n";
			showEnvVarsInLog = 0;
		};
		CA02F0AB77435752C1ED7EFC /* [CP] Embed Pods Frameworks */ = {
			isa = PBXShellScriptBuildPhase;
			buildActionMask = 2147483647;
			files = (
			);
			inputFileListPaths = (
				"${PODS_ROOT}/Target Support Files/Pods-game-gameUITests/Pods-game-gameUITests-frameworks-${CONFIGURATION}-input-files.xcfilelist",
			);
			name = "[CP] Embed Pods Frameworks";
			outputFileListPaths = (
				"${PODS_ROOT}/Target Support Files/Pods-game-gameUITests/Pods-game-gameUITests-frameworks-${CONFIGURATION}-output-files.xcfilelist",
			);
			runOnlyForDeploymentPostprocessing = 0;
			shellPath = /bin/sh;
			shellScript = "\"${PODS_ROOT}/Target Support Files/Pods-game-gameUITests/Pods-game-gameUITests-frameworks.sh\"\n";
			showEnvVarsInLog = 0;
		};
/* End PBXShellScriptBuildPhase section */

/* Begin PBXSourcesBuildPhase section */
		BB8404EC268BEB63003305D5 /* Sources */ = {
			isa = PBXSourcesBuildPhase;
			buildActionMask = 2147483647;
			files = (
				BB3AE8982690B4A90096D9C5 /* 3DViewModifier.swift in Sources */,
				BB840528268CDAF7003305D5 /* AppDelegate.swift in Sources */,
				BB4BEBEF269148E700786743 /* RoomView.swift in Sources */,
				BBD8825C269088F7002C0076 /* SettingView.swift in Sources */,
				BBB41CC2268D3AE800156877 /* AccountViewModel.swift in Sources */,
				BBB41CC5268D3DA500156877 /* UserData.swift in Sources */,
				BB840520268BED00003305D5 /* HomeView.swift in Sources */,
				BB4BEBFC269242B200786743 /* GameRoadView.swift in Sources */,
				BB840524268C9C1A003305D5 /* SignUpView.swift in Sources */,
				BB4BEBF926923C8900786743 /* GameViewModel.swift in Sources */,
				BB4BEBED26913E1F00786743 /* RoomViewModel.swift in Sources */,
				BB3AE89C2690C6B70096D9C5 /* LottieAnimation.swift in Sources */,
				BBD882622690AD4C002C0076 /* CreatRoleView.swift in Sources */,
				BB4BEBF726923C3100786743 /* GameData.swift in Sources */,
				BB3AE89E2690E4060096D9C5 /* SkinView.swift in Sources */,
				BB8404F6268BEB63003305D5 /* ContentView.swift in Sources */,
				BB4BEBFE2692436800786743 /* GameView.swift in Sources */,
				BB840522268C9BF0003305D5 /* LoginView.swift in Sources */,
				BB8404F4268BEB63003305D5 /* gameApp.swift in Sources */,
				BBD8825A268F9FFF002C0076 /* GameHomeView.swift in Sources */,
				BB4BEBF326919C4500786743 /* JoinGameView.swift in Sources */,
				BB4BEBEB26913BB600786743 /* roomData.swift in Sources */,
			);
			runOnlyForDeploymentPostprocessing = 0;
		};
		BB8404FD268BEB63003305D5 /* Sources */ = {
			isa = PBXSourcesBuildPhase;
			buildActionMask = 2147483647;
			files = (
				BB840506268BEB63003305D5 /* gameTests.swift in Sources */,
			);
			runOnlyForDeploymentPostprocessing = 0;
		};
		BB840508268BEB63003305D5 /* Sources */ = {
			isa = PBXSourcesBuildPhase;
			buildActionMask = 2147483647;
			files = (
				BB840511268BEB63003305D5 /* gameUITests.swift in Sources */,
			);
			runOnlyForDeploymentPostprocessing = 0;
		};
/* End PBXSourcesBuildPhase section */

/* Begin PBXTargetDependency section */
		BB840503268BEB63003305D5 /* PBXTargetDependency */ = {
			isa = PBXTargetDependency;
			target = BB8404EF268BEB63003305D5 /* game */;
			targetProxy = BB840502268BEB63003305D5 /* PBXContainerItemProxy */;
		};
		BB84050E268BEB63003305D5 /* PBXTargetDependency */ = {
			isa = PBXTargetDependency;
			target = BB8404EF268BEB63003305D5 /* game */;
			targetProxy = BB84050D268BEB63003305D5 /* PBXContainerItemProxy */;
		};
/* End PBXTargetDependency section */

/* Begin XCBuildConfiguration section */
		BB840513268BEB63003305D5 /* Debug */ = {
			isa = XCBuildConfiguration;
			buildSettings = {
				ALWAYS_SEARCH_USER_PATHS = NO;
				CLANG_ANALYZER_NONNULL = YES;
				CLANG_ANALYZER_NUMBER_OBJECT_CONVERSION = YES_AGGRESSIVE;
				CLANG_CXX_LANGUAGE_STANDARD = "gnu++14";
				CLANG_CXX_LIBRARY = "libc++";
				CLANG_ENABLE_MODULES = YES;
				CLANG_ENABLE_OBJC_ARC = YES;
				CLANG_ENABLE_OBJC_WEAK = YES;
				CLANG_WARN_BLOCK_CAPTURE_AUTORELEASING = YES;
				CLANG_WARN_BOOL_CONVERSION = YES;
				CLANG_WARN_COMMA = YES;
				CLANG_WARN_CONSTANT_CONVERSION = YES;
				CLANG_WARN_DEPRECATED_OBJC_IMPLEMENTATIONS = YES;
				CLANG_WARN_DIRECT_OBJC_ISA_USAGE = YES_ERROR;
				CLANG_WARN_DOCUMENTATION_COMMENTS = YES;
				CLANG_WARN_EMPTY_BODY = YES;
				CLANG_WARN_ENUM_CONVERSION = YES;
				CLANG_WARN_INFINITE_RECURSION = YES;
				CLANG_WARN_INT_CONVERSION = YES;
				CLANG_WARN_NON_LITERAL_NULL_CONVERSION = YES;
				CLANG_WARN_OBJC_IMPLICIT_RETAIN_SELF = YES;
				CLANG_WARN_OBJC_LITERAL_CONVERSION = YES;
				CLANG_WARN_OBJC_ROOT_CLASS = YES_ERROR;
				CLANG_WARN_QUOTED_INCLUDE_IN_FRAMEWORK_HEADER = YES;
				CLANG_WARN_RANGE_LOOP_ANALYSIS = YES;
				CLANG_WARN_STRICT_PROTOTYPES = YES;
				CLANG_WARN_SUSPICIOUS_MOVE = YES;
				CLANG_WARN_UNGUARDED_AVAILABILITY = YES_AGGRESSIVE;
				CLANG_WARN_UNREACHABLE_CODE = YES;
				CLANG_WARN__DUPLICATE_METHOD_MATCH = YES;
				COPY_PHASE_STRIP = NO;
				DEBUG_INFORMATION_FORMAT = dwarf;
				ENABLE_STRICT_OBJC_MSGSEND = YES;
				ENABLE_TESTABILITY = YES;
				GCC_C_LANGUAGE_STANDARD = gnu11;
				GCC_DYNAMIC_NO_PIC = NO;
				GCC_NO_COMMON_BLOCKS = YES;
				GCC_OPTIMIZATION_LEVEL = 0;
				GCC_PREPROCESSOR_DEFINITIONS = (
					"DEBUG=1",
					"$(inherited)",
				);
				GCC_WARN_64_TO_32_BIT_CONVERSION = YES;
				GCC_WARN_ABOUT_RETURN_TYPE = YES_ERROR;
				GCC_WARN_UNDECLARED_SELECTOR = YES;
				GCC_WARN_UNINITIALIZED_AUTOS = YES_AGGRESSIVE;
				GCC_WARN_UNUSED_FUNCTION = YES;
				GCC_WARN_UNUSED_VARIABLE = YES;
				IPHONEOS_DEPLOYMENT_TARGET = 14.3;
				MTL_ENABLE_DEBUG_INFO = INCLUDE_SOURCE;
				MTL_FAST_MATH = YES;
				ONLY_ACTIVE_ARCH = YES;
				SDKROOT = iphoneos;
				SWIFT_ACTIVE_COMPILATION_CONDITIONS = DEBUG;
				SWIFT_OPTIMIZATION_LEVEL = "-Onone";
			};
			name = Debug;
		};
		BB840514268BEB63003305D5 /* Release */ = {
			isa = XCBuildConfiguration;
			buildSettings = {
				ALWAYS_SEARCH_USER_PATHS = NO;
				CLANG_ANALYZER_NONNULL = YES;
				CLANG_ANALYZER_NUMBER_OBJECT_CONVERSION = YES_AGGRESSIVE;
				CLANG_CXX_LANGUAGE_STANDARD = "gnu++14";
				CLANG_CXX_LIBRARY = "libc++";
				CLANG_ENABLE_MODULES = YES;
				CLANG_ENABLE_OBJC_ARC = YES;
				CLANG_ENABLE_OBJC_WEAK = YES;
				CLANG_WARN_BLOCK_CAPTURE_AUTORELEASING = YES;
				CLANG_WARN_BOOL_CONVERSION = YES;
				CLANG_WARN_COMMA = YES;
				CLANG_WARN_CONSTANT_CONVERSION = YES;
				CLANG_WARN_DEPRECATED_OBJC_IMPLEMENTATIONS = YES;
				CLANG_WARN_DIRECT_OBJC_ISA_USAGE = YES_ERROR;
				CLANG_WARN_DOCUMENTATION_COMMENTS = YES;
				CLANG_WARN_EMPTY_BODY = YES;
				CLANG_WARN_ENUM_CONVERSION = YES;
				CLANG_WARN_INFINITE_RECURSION = YES;
				CLANG_WARN_INT_CONVERSION = YES;
				CLANG_WARN_NON_LITERAL_NULL_CONVERSION = YES;
				CLANG_WARN_OBJC_IMPLICIT_RETAIN_SELF = YES;
				CLANG_WARN_OBJC_LITERAL_CONVERSION = YES;
				CLANG_WARN_OBJC_ROOT_CLASS = YES_ERROR;
				CLANG_WARN_QUOTED_INCLUDE_IN_FRAMEWORK_HEADER = YES;
				CLANG_WARN_RANGE_LOOP_ANALYSIS = YES;
				CLANG_WARN_STRICT_PROTOTYPES = YES;
				CLANG_WARN_SUSPICIOUS_MOVE = YES;
				CLANG_WARN_UNGUARDED_AVAILABILITY = YES_AGGRESSIVE;
				CLANG_WARN_UNREACHABLE_CODE = YES;
				CLANG_WARN__DUPLICATE_METHOD_MATCH = YES;
				COPY_PHASE_STRIP = NO;
				DEBUG_INFORMATION_FORMAT = "dwarf-with-dsym";
				ENABLE_NS_ASSERTIONS = NO;
				ENABLE_STRICT_OBJC_MSGSEND = YES;
				GCC_C_LANGUAGE_STANDARD = gnu11;
				GCC_NO_COMMON_BLOCKS = YES;
				GCC_WARN_64_TO_32_BIT_CONVERSION = YES;
				GCC_WARN_ABOUT_RETURN_TYPE = YES_ERROR;
				GCC_WARN_UNDECLARED_SELECTOR = YES;
				GCC_WARN_UNINITIALIZED_AUTOS = YES_AGGRESSIVE;
				GCC_WARN_UNUSED_FUNCTION = YES;
				GCC_WARN_UNUSED_VARIABLE = YES;
				IPHONEOS_DEPLOYMENT_TARGET = 14.3;
				MTL_ENABLE_DEBUG_INFO = NO;
				MTL_FAST_MATH = YES;
				SDKROOT = iphoneos;
				SWIFT_COMPILATION_MODE = wholemodule;
				SWIFT_OPTIMIZATION_LEVEL = "-O";
				VALIDATE_PRODUCT = YES;
			};
			name = Release;
		};
		BB840516268BEB63003305D5 /* Debug */ = {
			isa = XCBuildConfiguration;
			baseConfigurationReference = B8FEE4AA2737430B96BB0213 /* Pods-game.debug.xcconfig */;
			buildSettings = {
				ASSETCATALOG_COMPILER_APPICON_NAME = AppIcon;
				ASSETCATALOG_COMPILER_GLOBAL_ACCENT_COLOR_NAME = AccentColor;
				CODE_SIGN_STYLE = Automatic;
				DEVELOPMENT_ASSET_PATHS = "\"game/Preview Content\"";
				DEVELOPMENT_TEAM = SMVS7ZRSRH;
				ENABLE_PREVIEWS = YES;
				INFOPLIST_FILE = game/Info.plist;
				IPHONEOS_DEPLOYMENT_TARGET = 15.0;
				LD_RUNPATH_SEARCH_PATHS = (
					"$(inherited)",
					"@executable_path/Frameworks",
				);
				PRODUCT_BUNDLE_IDENTIFIER = claudio.game;
				PRODUCT_NAME = "$(TARGET_NAME)";
				SWIFT_VERSION = 5.0;
				TARGETED_DEVICE_FAMILY = "1,2";
			};
			name = Debug;
		};
		BB840517268BEB63003305D5 /* Release */ = {
			isa = XCBuildConfiguration;
			baseConfigurationReference = 7B7A07C3905CB1EC8C3AC52D /* Pods-game.release.xcconfig */;
			buildSettings = {
				ASSETCATALOG_COMPILER_APPICON_NAME = AppIcon;
				ASSETCATALOG_COMPILER_GLOBAL_ACCENT_COLOR_NAME = AccentColor;
				CODE_SIGN_STYLE = Automatic;
				DEVELOPMENT_ASSET_PATHS = "\"game/Preview Content\"";
				DEVELOPMENT_TEAM = SMVS7ZRSRH;
				ENABLE_PREVIEWS = YES;
				INFOPLIST_FILE = game/Info.plist;
				IPHONEOS_DEPLOYMENT_TARGET = 15.0;
				LD_RUNPATH_SEARCH_PATHS = (
					"$(inherited)",
					"@executable_path/Frameworks",
				);
				PRODUCT_BUNDLE_IDENTIFIER = claudio.game;
				PRODUCT_NAME = "$(TARGET_NAME)";
				SWIFT_VERSION = 5.0;
				TARGETED_DEVICE_FAMILY = "1,2";
			};
			name = Release;
		};
		BB840519268BEB63003305D5 /* Debug */ = {
			isa = XCBuildConfiguration;
			baseConfigurationReference = 66F839153F5CEA87C29B93B0 /* Pods-gameTests.debug.xcconfig */;
			buildSettings = {
				ALWAYS_EMBED_SWIFT_STANDARD_LIBRARIES = YES;
				BUNDLE_LOADER = "$(TEST_HOST)";
				CODE_SIGN_STYLE = Automatic;
				DEVELOPMENT_TEAM = SMVS7ZRSRH;
				INFOPLIST_FILE = gameTests/Info.plist;
				IPHONEOS_DEPLOYMENT_TARGET = 14.0;
				LD_RUNPATH_SEARCH_PATHS = (
					"$(inherited)",
					"@executable_path/Frameworks",
					"@loader_path/Frameworks",
				);
				PRODUCT_BUNDLE_IDENTIFIER = claudio.gameTests;
				PRODUCT_NAME = "$(TARGET_NAME)";
				SWIFT_VERSION = 5.0;
				TARGETED_DEVICE_FAMILY = "1,2";
				TEST_HOST = "$(BUILT_PRODUCTS_DIR)/game.app/game";
			};
			name = Debug;
		};
		BB84051A268BEB63003305D5 /* Release */ = {
			isa = XCBuildConfiguration;
			baseConfigurationReference = 0C43E49AD7B376277A479F42 /* Pods-gameTests.release.xcconfig */;
			buildSettings = {
				ALWAYS_EMBED_SWIFT_STANDARD_LIBRARIES = YES;
				BUNDLE_LOADER = "$(TEST_HOST)";
				CODE_SIGN_STYLE = Automatic;
				DEVELOPMENT_TEAM = SMVS7ZRSRH;
				INFOPLIST_FILE = gameTests/Info.plist;
				IPHONEOS_DEPLOYMENT_TARGET = 14.0;
				LD_RUNPATH_SEARCH_PATHS = (
					"$(inherited)",
					"@executable_path/Frameworks",
					"@loader_path/Frameworks",
				);
				PRODUCT_BUNDLE_IDENTIFIER = claudio.gameTests;
				PRODUCT_NAME = "$(TARGET_NAME)";
				SWIFT_VERSION = 5.0;
				TARGETED_DEVICE_FAMILY = "1,2";
				TEST_HOST = "$(BUILT_PRODUCTS_DIR)/game.app/game";
			};
			name = Release;
		};
		BB84051C268BEB63003305D5 /* Debug */ = {
			isa = XCBuildConfiguration;
			baseConfigurationReference = 31C32DABAD6E885BDC45D703 /* Pods-game-gameUITests.debug.xcconfig */;
			buildSettings = {
				ALWAYS_EMBED_SWIFT_STANDARD_LIBRARIES = YES;
				CODE_SIGN_STYLE = Automatic;
				DEVELOPMENT_TEAM = SMVS7ZRSRH;
				INFOPLIST_FILE = gameUITests/Info.plist;
				LD_RUNPATH_SEARCH_PATHS = (
					"$(inherited)",
					"@executable_path/Frameworks",
					"@loader_path/Frameworks",
				);
				PRODUCT_BUNDLE_IDENTIFIER = claudio.gameUITests;
				PRODUCT_NAME = "$(TARGET_NAME)";
				SWIFT_VERSION = 5.0;
				TARGETED_DEVICE_FAMILY = "1,2";
				TEST_TARGET_NAME = game;
			};
			name = Debug;
		};
		BB84051D268BEB63003305D5 /* Release */ = {
			isa = XCBuildConfiguration;
			baseConfigurationReference = B61384AD4B01B74BFFD97D78 /* Pods-game-gameUITests.release.xcconfig */;
			buildSettings = {
				ALWAYS_EMBED_SWIFT_STANDARD_LIBRARIES = YES;
				CODE_SIGN_STYLE = Automatic;
				DEVELOPMENT_TEAM = SMVS7ZRSRH;
				INFOPLIST_FILE = gameUITests/Info.plist;
				LD_RUNPATH_SEARCH_PATHS = (
					"$(inherited)",
					"@executable_path/Frameworks",
					"@loader_path/Frameworks",
				);
				PRODUCT_BUNDLE_IDENTIFIER = claudio.gameUITests;
				PRODUCT_NAME = "$(TARGET_NAME)";
				SWIFT_VERSION = 5.0;
				TARGETED_DEVICE_FAMILY = "1,2";
				TEST_TARGET_NAME = game;
			};
			name = Release;
		};
/* End XCBuildConfiguration section */

/* Begin XCConfigurationList section */
		BB8404EB268BEB63003305D5 /* Build configuration list for PBXProject "game" */ = {
			isa = XCConfigurationList;
			buildConfigurations = (
				BB840513268BEB63003305D5 /* Debug */,
				BB840514268BEB63003305D5 /* Release */,
			);
			defaultConfigurationIsVisible = 0;
			defaultConfigurationName = Release;
		};
		BB840515268BEB63003305D5 /* Build configuration list for PBXNativeTarget "game" */ = {
			isa = XCConfigurationList;
			buildConfigurations = (
				BB840516268BEB63003305D5 /* Debug */,
				BB840517268BEB63003305D5 /* Release */,
			);
			defaultConfigurationIsVisible = 0;
			defaultConfigurationName = Release;
		};
		BB840518268BEB63003305D5 /* Build configuration list for PBXNativeTarget "gameTests" */ = {
			isa = XCConfigurationList;
			buildConfigurations = (
				BB840519268BEB63003305D5 /* Debug */,
				BB84051A268BEB63003305D5 /* Release */,
			);
			defaultConfigurationIsVisible = 0;
			defaultConfigurationName = Release;
		};
		BB84051B268BEB63003305D5 /* Build configuration list for PBXNativeTarget "gameUITests" */ = {
			isa = XCConfigurationList;
			buildConfigurations = (
				BB84051C268BEB63003305D5 /* Debug */,
				BB84051D268BEB63003305D5 /* Release */,
			);
			defaultConfigurationIsVisible = 0;
			defaultConfigurationName = Release;
		};
/* End XCConfigurationList section */

/* Begin XCRemoteSwiftPackageReference section */
		BBB41CD2268F62BA00156877 /* XCRemoteSwiftPackageReference "firebase-ios-sdk" */ = {
			isa = XCRemoteSwiftPackageReference;
			repositoryURL = "https://github.com/firebase/firebase-ios-sdk";
			requirement = {
				kind = upToNextMajorVersion;
				minimumVersion = 7.0.0;
			};
		};
/* End XCRemoteSwiftPackageReference section */

/* Begin XCSwiftPackageProductDependency section */
		BBB41CD3268F62BA00156877 /* FirebaseAuth */ = {
			isa = XCSwiftPackageProductDependency;
			package = BBB41CD2268F62BA00156877 /* XCRemoteSwiftPackageReference "firebase-ios-sdk" */;
			productName = FirebaseAuth;
		};
		BBB41CD5268F62BA00156877 /* FirebaseFirestoreSwift-Beta */ = {
			isa = XCSwiftPackageProductDependency;
			package = BBB41CD2268F62BA00156877 /* XCRemoteSwiftPackageReference "firebase-ios-sdk" */;
			productName = "FirebaseFirestoreSwift-Beta";
		};
		BBB41CD7268F62BA00156877 /* FirebaseStorageSwift-Beta */ = {
			isa = XCSwiftPackageProductDependency;
			package = BBB41CD2268F62BA00156877 /* XCRemoteSwiftPackageReference "firebase-ios-sdk" */;
			productName = "FirebaseStorageSwift-Beta";
		};
/* End XCSwiftPackageProductDependency section */
	};
	rootObject = BB8404E8268BEB63003305D5 /* Project object */;
}
